
Microsoft Visual Studio Solution File, Format Version 12.00
# Visual Studio Version 16
VisualStudioVersion = 16.0.31911.196
MinimumVisualStudioVersion = 10.0.40219.1
Project("{FAE04EC0-301F-11D3-BF4B-00C04F79EFBC}") = "CarEngineSimulator", "CarEngineSimulator\CarEngineSimulator.csproj", "{99616881-B7B5-470C-8927-6D3CCC367E0F}"
EndProject
Global
	GlobalSection(SolutionConfigurationPlatforms) = preSolution
		Debug|Any CPU = Debug|Any CPU
		Release|Any CPU = Release|Any CPU
	EndGlobalSection
	GlobalSection(ProjectConfigurationPlatforms) = postSolution
		{99616881-B7B5-470C-8927-6D3CCC367E0F}.Debug|Any CPU.ActiveCfg = Debug|Any CPU
		{99616881-B7B5-470C-8927-6D3CCC367E0F}.Debug|Any CPU.Build.0 = Debug|Any CPU
		{99616881-B7B5-470C-8927-6D3CCC367E0F}.Release|Any CPU.ActiveCfg = Release|Any CPU
		{99616881-B7B5-470C-8927-6D3CCC367E0F}.Release|Any CPU.Build.0 = Release|Any CPU
	EndGlobalSection
	GlobalSection(SolutionProperties) = preSolution
		HideSolutionNode = FALSE
	EndGlobalSection
	GlobalSection(ExtensibilityGlobals) = postSolution
		SolutionGuid = {52C18402-A6DB-45A4-BB42-41B114FC0FCD}
	EndGlobalSection
EndGlobal
